
Microsoft Visual Studio Solution File, Format Version 12.00
# Visual Studio Version 16
VisualStudioVersion = 16.0.32602.291
MinimumVisualStudioVersion = 10.0.40219.1
Project("{8BC9CEB8-8B4A-11D0-8D11-00A0C91BC942}") = "UL", "UL\UL.vcxproj", "{DA6B7EC8-015D-4F6F-8A20-8A7F37706527}"
EndProject
Global
	GlobalSection(SolutionConfigurationPlatforms) = preSolution
		Debug|x64 = Debug|x64
		Debug|x86 = Debug|x86
		Release|x64 = Release|x64
		Release|x86 = Release|x86
	EndGlobalSection
	GlobalSection(ProjectConfigurationPlatforms) = postSolution
		{DA6B7EC8-015D-4F6F-8A20-8A7F37706527}.Debug|x64.ActiveCfg = Debug|x64
		{DA6B7EC8-015D-4F6F-8A20-8A7F37706527}.Debug|x64.Build.0 = Debug|x64
		{DA6B7EC8-015D-4F6F-8A20-8A7F37706527}.Debug|x86.ActiveCfg = Debug|Win32
		{DA6B7EC8-015D-4F6F-8A20-8A7F37706527}.Debug|x86.Build.0 = Debug|Win32
		{DA6B7EC8-015D-4F6F-8A20-8A7F37706527}.Release|x64.ActiveCfg = Release|x64
		{DA6B7EC8-015D-4F6F-8A20-8A7F37706527}.Release|x64.Build.0 = Release|x64
		{DA6B7EC8-015D-4F6F-8A20-8A7F37706527}.Release|x86.ActiveCfg = Release|Win32
		{DA6B7EC8-015D-4F6F-8A20-8A7F37706527}.Release|x86.Build.0 = Release|Win32
	EndGlobalSection
	GlobalSection(SolutionProperties) = preSolution
		HideSolutionNode = FALSE
	EndGlobalSection
	GlobalSection(ExtensibilityGlobals) = postSolution
		SolutionGuid = {58305ED7-FD46-45C0-8622-F60F2AA2EABA}
	EndGlobalSection
EndGlobal
